
Microsoft Visual Studio Solution File, Format Version 12.00
# Visual Studio Version 16
VisualStudioVersion = 16.0.30413.136
MinimumVisualStudioVersion = 10.0.40219.1
Project("{FAE04EC0-301F-11D3-BF4B-00C04F79EFBC}") = "laba1.3", "laba1.3.csproj", "{F98323FF-61AC-468A-A03B-AB6FF77200AD}"
EndProject
Global
	GlobalSection(SolutionConfigurationPlatforms) = preSolution
		Debug|Any CPU = Debug|Any CPU
		Release|Any CPU = Release|Any CPU
	EndGlobalSection
	GlobalSection(ProjectConfigurationPlatforms) = postSolution
		{F98323FF-61AC-468A-A03B-AB6FF77200AD}.Debug|Any CPU.ActiveCfg = Debug|Any CPU
		{F98323FF-61AC-468A-A03B-AB6FF77200AD}.Debug|Any CPU.Build.0 = Debug|Any CPU
		{F98323FF-61AC-468A-A03B-AB6FF77200AD}.Release|Any CPU.ActiveCfg = Release|Any CPU
		{F98323FF-61AC-468A-A03B-AB6FF77200AD}.Release|Any CPU.Build.0 = Release|Any CPU
	EndGlobalSection
	GlobalSection(SolutionProperties) = preSolution
		HideSolutionNode = FALSE
	EndGlobalSection
	GlobalSection(ExtensibilityGlobals) = postSolution
		SolutionGuid = {F747A8E6-AF1A-4C1C-959F-36635C584E5A}
	EndGlobalSection
EndGlobal
