
Microsoft Visual Studio Solution File, Format Version 12.00
# Visual Studio Version 16
VisualStudioVersion = 16.0.30413.136
MinimumVisualStudioVersion = 10.0.40219.1
Project("{FAE04EC0-301F-11D3-BF4B-00C04F79EFBC}") = "laba2.4", "laba2.4.csproj", "{640FB9BA-1C7A-47C7-9FCA-20FBF8E09749}"
EndProject
Global
	GlobalSection(SolutionConfigurationPlatforms) = preSolution
		Debug|Any CPU = Debug|Any CPU
		Release|Any CPU = Release|Any CPU
	EndGlobalSection
	GlobalSection(ProjectConfigurationPlatforms) = postSolution
		{640FB9BA-1C7A-47C7-9FCA-20FBF8E09749}.Debug|Any CPU.ActiveCfg = Debug|Any CPU
		{640FB9BA-1C7A-47C7-9FCA-20FBF8E09749}.Debug|Any CPU.Build.0 = Debug|Any CPU
		{640FB9BA-1C7A-47C7-9FCA-20FBF8E09749}.Release|Any CPU.ActiveCfg = Release|Any CPU
		{640FB9BA-1C7A-47C7-9FCA-20FBF8E09749}.Release|Any CPU.Build.0 = Release|Any CPU
	EndGlobalSection
	GlobalSection(SolutionProperties) = preSolution
		HideSolutionNode = FALSE
	EndGlobalSection
	GlobalSection(ExtensibilityGlobals) = postSolution
		SolutionGuid = {32B953C6-25E4-4158-8AF7-82BD81D2EEBA}
	EndGlobalSection
EndGlobal
